
Microsoft Visual Studio Solution File, Format Version 12.00
# Visual Studio Version 17
VisualStudioVersion = 17.7.34009.444
MinimumVisualStudioVersion = 10.0.40219.1
Project("{9A19103F-16F7-4668-BE54-9A1E7A4F7556}") = "AracFilo", "AracFilo.csproj", "{49285696-B05A-4381-AAA3-3608AEF28CC1}"
EndProject
Global
	GlobalSection(SolutionConfigurationPlatforms) = preSolution
		Debug|Any CPU = Debug|Any CPU
		Release|Any CPU = Release|Any CPU
	EndGlobalSection
	GlobalSection(ProjectConfigurationPlatforms) = postSolution
		{49285696-B05A-4381-AAA3-3608AEF28CC1}.Debug|Any CPU.ActiveCfg = Debug|Any CPU
		{49285696-B05A-4381-AAA3-3608AEF28CC1}.Debug|Any CPU.Build.0 = Debug|Any CPU
		{49285696-B05A-4381-AAA3-3608AEF28CC1}.Release|Any CPU.ActiveCfg = Release|Any CPU
		{49285696-B05A-4381-AAA3-3608AEF28CC1}.Release|Any CPU.Build.0 = Release|Any CPU
	EndGlobalSection
	GlobalSection(SolutionProperties) = preSolution
		HideSolutionNode = FALSE
	EndGlobalSection
	GlobalSection(ExtensibilityGlobals) = postSolution
		SolutionGuid = {3143CD95-E01E-468A-82EA-B91B434450F2}
	EndGlobalSection
EndGlobal
